
Microsoft Visual Studio Solution File, Format Version 12.00
# Visual Studio Version 17
VisualStudioVersion = 17.14.36930.0 d17.14
MinimumVisualStudioVersion = 10.0.40219.1
Project("{FAE04EC0-301F-11D3-BF4B-00C04F79EFBC}") = "Lab03_Demo", "Lab03_Demo.csproj", "{D025F5FD-D899-45DD-9E23-A51FA05FE7CB}"
EndProject
Global
	GlobalSection(SolutionConfigurationPlatforms) = preSolution
		Debug|Any CPU = Debug|Any CPU
		Release|Any CPU = Release|Any CPU
	EndGlobalSection
	GlobalSection(ProjectConfigurationPlatforms) = postSolution
		{D025F5FD-D899-45DD-9E23-A51FA05FE7CB}.Debug|Any CPU.ActiveCfg = Debug|Any CPU
		{D025F5FD-D899-45DD-9E23-A51FA05FE7CB}.Debug|Any CPU.Build.0 = Debug|Any CPU
		{D025F5FD-D899-45DD-9E23-A51FA05FE7CB}.Release|Any CPU.ActiveCfg = Release|Any CPU
		{D025F5FD-D899-45DD-9E23-A51FA05FE7CB}.Release|Any CPU.Build.0 = Release|Any CPU
	EndGlobalSection
	GlobalSection(SolutionProperties) = preSolution
		HideSolutionNode = FALSE
	EndGlobalSection
	GlobalSection(ExtensibilityGlobals) = postSolution
		SolutionGuid = {05FA859F-9F19-4CBC-A12E-F09F34868D42}
	EndGlobalSection
EndGlobal
