
Microsoft Visual Studio Solution File, Format Version 12.00
# Visual Studio Version 17
VisualStudioVersion = 17.14.36221.1 d17.14
MinimumVisualStudioVersion = 10.0.40219.1
Project("{FAE04EC0-301F-11D3-BF4B-00C04F79EFBC}") = "Lab02", "Lab02.csproj", "{2F5B5CB9-095E-408A-B9B7-F2FC2B9A1694}"
EndProject
Global
	GlobalSection(SolutionConfigurationPlatforms) = preSolution
		Debug|Any CPU = Debug|Any CPU
		Release|Any CPU = Release|Any CPU
	EndGlobalSection
	GlobalSection(ProjectConfigurationPlatforms) = postSolution
		{2F5B5CB9-095E-408A-B9B7-F2FC2B9A1694}.Debug|Any CPU.ActiveCfg = Debug|Any CPU
		{2F5B5CB9-095E-408A-B9B7-F2FC2B9A1694}.Debug|Any CPU.Build.0 = Debug|Any CPU
		{2F5B5CB9-095E-408A-B9B7-F2FC2B9A1694}.Release|Any CPU.ActiveCfg = Release|Any CPU
		{2F5B5CB9-095E-408A-B9B7-F2FC2B9A1694}.Release|Any CPU.Build.0 = Release|Any CPU
	EndGlobalSection
	GlobalSection(SolutionProperties) = preSolution
		HideSolutionNode = FALSE
	EndGlobalSection
	GlobalSection(ExtensibilityGlobals) = postSolution
		SolutionGuid = {DC68CE68-4149-45A4-85CA-EB25A8938387}
	EndGlobalSection
EndGlobal
