
Microsoft Visual Studio Solution File, Format Version 12.00
# Visual Studio Version 17
VisualStudioVersion = 17.14.36221.1 d17.14
MinimumVisualStudioVersion = 10.0.40219.1
Project("{FAE04EC0-301F-11D3-BF4B-00C04F79EFBC}") = "Lab01_Demo", "Lab01_Demo.csproj", "{2D01FAAC-071D-48D2-AA53-1EE14C098E9F}"
EndProject
Global
	GlobalSection(SolutionConfigurationPlatforms) = preSolution
		Debug|Any CPU = Debug|Any CPU
		Release|Any CPU = Release|Any CPU
	EndGlobalSection
	GlobalSection(ProjectConfigurationPlatforms) = postSolution
		{2D01FAAC-071D-48D2-AA53-1EE14C098E9F}.Debug|Any CPU.ActiveCfg = Debug|Any CPU
		{2D01FAAC-071D-48D2-AA53-1EE14C098E9F}.Debug|Any CPU.Build.0 = Debug|Any CPU
		{2D01FAAC-071D-48D2-AA53-1EE14C098E9F}.Release|Any CPU.ActiveCfg = Release|Any CPU
		{2D01FAAC-071D-48D2-AA53-1EE14C098E9F}.Release|Any CPU.Build.0 = Release|Any CPU
	EndGlobalSection
	GlobalSection(SolutionProperties) = preSolution
		HideSolutionNode = FALSE
	EndGlobalSection
	GlobalSection(ExtensibilityGlobals) = postSolution
		SolutionGuid = {76282434-A9E1-4FF2-AF26-711E7AB440AF}
	EndGlobalSection
EndGlobal
