
Microsoft Visual Studio Solution File, Format Version 12.00
# Visual Studio Version 17
VisualStudioVersion = 17.14.36221.1 d17.14
MinimumVisualStudioVersion = 10.0.40219.1
Project("{FAE04EC0-301F-11D3-BF4B-00C04F79EFBC}") = "Lab01_Rezolvare", "Lab01_Rezolvare.csproj", "{F7494762-FA36-49C8-9534-C5DC15D72E21}"
EndProject
Global
	GlobalSection(SolutionConfigurationPlatforms) = preSolution
		Debug|Any CPU = Debug|Any CPU
		Release|Any CPU = Release|Any CPU
	EndGlobalSection
	GlobalSection(ProjectConfigurationPlatforms) = postSolution
		{F7494762-FA36-49C8-9534-C5DC15D72E21}.Debug|Any CPU.ActiveCfg = Debug|Any CPU
		{F7494762-FA36-49C8-9534-C5DC15D72E21}.Debug|Any CPU.Build.0 = Debug|Any CPU
		{F7494762-FA36-49C8-9534-C5DC15D72E21}.Release|Any CPU.ActiveCfg = Release|Any CPU
		{F7494762-FA36-49C8-9534-C5DC15D72E21}.Release|Any CPU.Build.0 = Release|Any CPU
	EndGlobalSection
	GlobalSection(SolutionProperties) = preSolution
		HideSolutionNode = FALSE
	EndGlobalSection
	GlobalSection(ExtensibilityGlobals) = postSolution
		SolutionGuid = {1C3E153E-6291-4757-B5C8-9F836ABCB1CB}
	EndGlobalSection
EndGlobal
